
Microsoft Visual Studio Solution File, Format Version 12.00
Project("{FAE04EC0-301F-11D3-BF4B-00C04F79EFBC}") = "GramaticasAPI", "GramaticasAPI\GramaticasAPI.csproj", "{FFC602BF-3774-4A5F-A3F9-F8884DAB12AE}"
EndProject
Global
	GlobalSection(SolutionConfigurationPlatforms) = preSolution
		Debug|Any CPU = Debug|Any CPU
		Release|Any CPU = Release|Any CPU
	EndGlobalSection
	GlobalSection(ProjectConfigurationPlatforms) = postSolution
		{FFC602BF-3774-4A5F-A3F9-F8884DAB12AE}.Debug|Any CPU.ActiveCfg = Debug|Any CPU
		{FFC602BF-3774-4A5F-A3F9-F8884DAB12AE}.Debug|Any CPU.Build.0 = Debug|Any CPU
		{FFC602BF-3774-4A5F-A3F9-F8884DAB12AE}.Release|Any CPU.ActiveCfg = Release|Any CPU
		{FFC602BF-3774-4A5F-A3F9-F8884DAB12AE}.Release|Any CPU.Build.0 = Release|Any CPU
	EndGlobalSection
EndGlobal
